// !$*UTF8*$!
{
	archiveVersion = 1;
	classes = {
	};
	objectVersion = 77;
	objects = {

/* Begin PBXBuildFile section */
		835637332EAC706900F6D2F4 /* CLAUDE.md in Resources */ = {isa = PBXBuildFile; fileRef = 835637322EAC706500F6D2F4 /* CLAUDE.md */; };
		835637C52EAD87E000F6D2F4 /* Sparkle in Frameworks */ = {isa = PBXBuildFile; productRef = 835637C42EAD87E000F6D2F4 /* Sparkle */; };
/* End PBXBuildFile section */

/* Begin PBXContainerItemProxy section */
		835637162EAC704B00F6D2F4 /* PBXContainerItemProxy */ = {
			isa = PBXContainerItemProxy;
			containerPortal = 835636FD2EAC704A00F6D2F4 /* Project object */;
			proxyType = 1;
			remoteGlobalIDString = 835637042EAC704A00F6D2F4;
			remoteInfo = WigiAI;
		};
		835637202EAC704B00F6D2F4 /* PBXContainerItemProxy */ = {
			isa = PBXContainerItemProxy;
			containerPortal = 835636FD2EAC704A00F6D2F4 /* Project object */;
			proxyType = 1;
			remoteGlobalIDString = 835637042EAC704A00F6D2F4;
			remoteInfo = WigiAI;
		};
/* End PBXContainerItemProxy section */

/* Begin PBXFileReference section */
		835637052EAC704A00F6D2F4 /* WigiAI.app */ = {isa = PBXFileReference; explicitFileType = wrapper.application; includeInIndex = 0; path = WigiAI.app; sourceTree = BUILT_PRODUCTS_DIR; };
		835637152EAC704B00F6D2F4 /* WigiAITests.xctest */ = {isa = PBXFileReference; explicitFileType = wrapper.cfbundle; includeInIndex = 0; path = WigiAITests.xctest; sourceTree = BUILT_PRODUCTS_DIR; };
		8356371F2EAC704B00F6D2F4 /* WigiAIUITests.xctest */ = {isa = PBXFileReference; explicitFileType = wrapper.cfbundle; includeInIndex = 0; path = WigiAIUITests.xctest; sourceTree = BUILT_PRODUCTS_DIR; };
		835637322EAC706500F6D2F4 /* CLAUDE.md */ = {isa = PBXFileReference; lastKnownFileType = net.daringfireball.markdown; path = CLAUDE.md; sourceTree = "<group>"; };
/* End PBXFileReference section */

/* Begin PBXFileSystemSynchronizedRootGroup section */
		831027932EADD9A2006C9E61 /* CharacterTemplates */ = {
			isa = PBXFileSystemSynchronizedRootGroup;
			name = CharacterTemplates;
			path = WigiAI/CharacterTemplates;
			sourceTree = "<group>";
		};
		835637072EAC704A00F6D2F4 /* WigiAI */ = {
			isa = PBXFileSystemSynchronizedRootGroup;
			path = WigiAI;
			sourceTree = "<group>";
		};
		835637182EAC704B00F6D2F4 /* WigiAITests */ = {
			isa = PBXFileSystemSynchronizedRootGroup;
			path = WigiAITests;
			sourceTree = "<group>";
		};
		835637222EAC704B00F6D2F4 /* WigiAIUITests */ = {
			isa = PBXFileSystemSynchronizedRootGroup;
			path = WigiAIUITests;
			sourceTree = "<group>";
		};
/* End PBXFileSystemSynchronizedRootGroup section */

/* Begin PBXFrameworksBuildPhase section */
		835637022EAC704A00F6D2F4 /* Frameworks */ = {
			isa = PBXFrameworksBuildPhase;
			buildActionMask = 2147483647;
			files = (
				835637C52EAD87E000F6D2F4 /* Sparkle in Frameworks */,
			);
			runOnlyForDeploymentPostprocessing = 0;
		};
		835637122EAC704B00F6D2F4 /* Frameworks */ = {
			isa = PBXFrameworksBuildPhase;
			buildActionMask = 2147483647;
			files = (
			);
			runOnlyForDeploymentPostprocessing = 0;
		};
		8356371C2EAC704B00F6D2F4 /* Frameworks */ = {
			isa = PBXFrameworksBuildPhase;
			buildActionMask = 2147483647;
			files = (
			);
			runOnlyForDeploymentPostprocessing = 0;
		};
/* End PBXFrameworksBuildPhase section */

/* Begin PBXGroup section */
		835636FC2EAC704A00F6D2F4 = {
			isa = PBXGroup;
			children = (
				831027932EADD9A2006C9E61 /* CharacterTemplates */,
				835637322EAC706500F6D2F4 /* CLAUDE.md */,
				835637072EAC704A00F6D2F4 /* WigiAI */,
				835637182EAC704B00F6D2F4 /* WigiAITests */,
				835637222EAC704B00F6D2F4 /* WigiAIUITests */,
				835637C02EAD879600F6D2F4 /* Frameworks */,
				835637062EAC704A00F6D2F4 /* Products */,
			);
			sourceTree = "<group>";
		};
		835637062EAC704A00F6D2F4 /* Products */ = {
			isa = PBXGroup;
			children = (
				835637052EAC704A00F6D2F4 /* WigiAI.app */,
				835637152EAC704B00F6D2F4 /* WigiAITests.xctest */,
				8356371F2EAC704B00F6D2F4 /* WigiAIUITests.xctest */,
			);
			name = Products;
			sourceTree = "<group>";
		};
		835637C02EAD879600F6D2F4 /* Frameworks */ = {
			isa = PBXGroup;
			children = (
			);
			name = Frameworks;
			sourceTree = "<group>";
		};
/* End PBXGroup section */

/* Begin PBXNativeTarget section */
		835637042EAC704A00F6D2F4 /* WigiAI */ = {
			isa = PBXNativeTarget;
			buildConfigurationList = 835637292EAC704B00F6D2F4 /* Build configuration list for PBXNativeTarget "WigiAI" */;
			buildPhases = (
				835637012EAC704A00F6D2F4 /* Sources */,
				835637022EAC704A00F6D2F4 /* Frameworks */,
				835637032EAC704A00F6D2F4 /* Resources */,
			);
			buildRules = (
			);
			dependencies = (
			);
			fileSystemSynchronizedGroups = (
				835637072EAC704A00F6D2F4 /* WigiAI */,
			);
			name = WigiAI;
			packageProductDependencies = (
				835637C42EAD87E000F6D2F4 /* Sparkle */,
			);
			productName = WigiAI;
			productReference = 835637052EAC704A00F6D2F4 /* WigiAI.app */;
			productType = "com.apple.product-type.application";
		};
		835637142EAC704B00F6D2F4 /* WigiAITests */ = {
			isa = PBXNativeTarget;
			buildConfigurationList = 8356372C2EAC704B00F6D2F4 /* Build configuration list for PBXNativeTarget "WigiAITests" */;
			buildPhases = (
				835637112EAC704B00F6D2F4 /* Sources */,
				835637122EAC704B00F6D2F4 /* Frameworks */,
				835637132EAC704B00F6D2F4 /* Resources */,
			);
			buildRules = (
			);
			dependencies = (
				835637172EAC704B00F6D2F4 /* PBXTargetDependency */,
			);
			fileSystemSynchronizedGroups = (
				835637182EAC704B00F6D2F4 /* WigiAITests */,
			);
			name = WigiAITests;
			packageProductDependencies = (
			);
			productName = WigiAITests;
			productReference = 835637152EAC704B00F6D2F4 /* WigiAITests.xctest */;
			productType = "com.apple.product-type.bundle.unit-test";
		};
		8356371E2EAC704B00F6D2F4 /* WigiAIUITests */ = {
			isa = PBXNativeTarget;
			buildConfigurationList = 8356372F2EAC704B00F6D2F4 /* Build configuration list for PBXNativeTarget "WigiAIUITests" */;
			buildPhases = (
				8356371B2EAC704B00F6D2F4 /* Sources */,
				8356371C2EAC704B00F6D2F4 /* Frameworks */,
				8356371D2EAC704B00F6D2F4 /* Resources */,
			);
			buildRules = (
			);
			dependencies = (
				835637212EAC704B00F6D2F4 /* PBXTargetDependency */,
			);
			fileSystemSynchronizedGroups = (
				835637222EAC704B00F6D2F4 /* WigiAIUITests */,
			);
			name = WigiAIUITests;
			packageProductDependencies = (
			);
			productName = WigiAIUITests;
			productReference = 8356371F2EAC704B00F6D2F4 /* WigiAIUITests.xctest */;
			productType = "com.apple.product-type.bundle.ui-testing";
		};
/* End PBXNativeTarget section */

/* Begin PBXProject section */
		835636FD2EAC704A00F6D2F4 /* Project object */ = {
			isa = PBXProject;
			attributes = {
				BuildIndependentTargetsInParallel = 1;
				LastSwiftUpdateCheck = 1640;
				LastUpgradeCheck = 1640;
				TargetAttributes = {
					835637042EAC704A00F6D2F4 = {
						CreatedOnToolsVersion = 16.4;
					};
					835637142EAC704B00F6D2F4 = {
						CreatedOnToolsVersion = 16.4;
						TestTargetID = 835637042EAC704A00F6D2F4;
					};
					8356371E2EAC704B00F6D2F4 = {
						CreatedOnToolsVersion = 16.4;
						TestTargetID = 835637042EAC704A00F6D2F4;
					};
				};
			};
			buildConfigurationList = 835637002EAC704A00F6D2F4 /* Build configuration list for PBXProject "WigiAI" */;
			developmentRegion = en;
			hasScannedForEncodings = 0;
			knownRegions = (
				en,
				Base,
			);
			mainGroup = 835636FC2EAC704A00F6D2F4;
			minimizedProjectReferenceProxies = 1;
			packageReferences = (
				835637C32EAD87D300F6D2F4 /* XCRemoteSwiftPackageReference "Sparkle" */,
			);
			preferredProjectObjectVersion = 77;
			productRefGroup = 835637062EAC704A00F6D2F4 /* Products */;
			projectDirPath = "";
			projectRoot = "";
			targets = (
				835637042EAC704A00F6D2F4 /* WigiAI */,
				835637142EAC704B00F6D2F4 /* WigiAITests */,
				8356371E2EAC704B00F6D2F4 /* WigiAIUITests */,
			);
		};
/* End PBXProject section */

/* Begin PBXResourcesBuildPhase section */
		835637032EAC704A00F6D2F4 /* Resources */ = {
			isa = PBXResourcesBuildPhase;
			buildActionMask = 2147483647;
			files = (
				835637332EAC706900F6D2F4 /* CLAUDE.md in Resources */,
			);
			runOnlyForDeploymentPostprocessing = 0;
		};
		835637132EAC704B00F6D2F4 /* Resources */ = {
			isa = PBXResourcesBuildPhase;
			buildActionMask = 2147483647;
			files = (
			);
			runOnlyForDeploymentPostprocessing = 0;
		};
		8356371D2EAC704B00F6D2F4 /* Resources */ = {
			isa = PBXResourcesBuildPhase;
			buildActionMask = 2147483647;
			files = (
			);
			runOnlyForDeploymentPostprocessing = 0;
		};
/* End PBXResourcesBuildPhase section */

/* Begin PBXSourcesBuildPhase section */
		835637012EAC704A00F6D2F4 /* Sources */ = {
			isa = PBXSourcesBuildPhase;
			buildActionMask = 2147483647;
			files = (
			);
			runOnlyForDeploymentPostprocessing = 0;
		};
		835637112EAC704B00F6D2F4 /* Sources */ = {
			isa = PBXSourcesBuildPhase;
			buildActionMask = 2147483647;
			files = (
			);
			runOnlyForDeploymentPostprocessing = 0;
		};
		8356371B2EAC704B00F6D2F4 /* Sources */ = {
			isa = PBXSourcesBuildPhase;
			buildActionMask = 2147483647;
			files = (
			);
			runOnlyForDeploymentPostprocessing = 0;
		};
/* End PBXSourcesBuildPhase section */

/* Begin PBXTargetDependency section */
		835637172EAC704B00F6D2F4 /* PBXTargetDependency */ = {
			isa = PBXTargetDependency;
			target = 835637042EAC704A00F6D2F4 /* WigiAI */;
			targetProxy = 835637162EAC704B00F6D2F4 /* PBXContainerItemProxy */;
		};
		835637212EAC704B00F6D2F4 /* PBXTargetDependency */ = {
			isa = PBXTargetDependency;
			target = 835637042EAC704A00F6D2F4 /* WigiAI */;
			targetProxy = 835637202EAC704B00F6D2F4 /* PBXContainerItemProxy */;
		};
/* End PBXTargetDependency section */

/* Begin XCBuildConfiguration section */
		835637272EAC704B00F6D2F4 /* Debug */ = {
			isa = XCBuildConfiguration;
			buildSettings = {
				ALWAYS_SEARCH_USER_PATHS = NO;
				ASSETCATALOG_COMPILER_GENERATE_SWIFT_ASSET_SYMBOL_EXTENSIONS = YES;
				CLANG_ANALYZER_NONNULL = YES;
				CLANG_ANALYZER_NUMBER_OBJECT_CONVERSION = YES_AGGRESSIVE;
				CLANG_CXX_LANGUAGE_STANDARD = "gnu++20";
				CLANG_ENABLE_MODULES = YES;
				CLANG_ENABLE_OBJC_ARC = YES;
				CLANG_ENABLE_OBJC_WEAK = YES;
				CLANG_WARN_BLOCK_CAPTURE_AUTORELEASING = YES;
				CLANG_WARN_BOOL_CONVERSION = YES;
				CLANG_WARN_COMMA = YES;
				CLANG_WARN_CONSTANT_CONVERSION = YES;
				CLANG_WARN_DEPRECATED_OBJC_IMPLEMENTATIONS = YES;
				CLANG_WARN_DIRECT_OBJC_ISA_USAGE = YES_ERROR;
				CLANG_WARN_DOCUMENTATION_COMMENTS = YES;
				CLANG_WARN_EMPTY_BODY = YES;
				CLANG_WARN_ENUM_CONVERSION = YES;
				CLANG_WARN_INFINITE_RECURSION = YES;
				CLANG_WARN_INT_CONVERSION = YES;
				CLANG_WARN_NON_LITERAL_NULL_CONVERSION = YES;
				CLANG_WARN_OBJC_IMPLICIT_RETAIN_SELF = YES;
				CLANG_WARN_OBJC_LITERAL_CONVERSION = YES;
				CLANG_WARN_OBJC_ROOT_CLASS = YES_ERROR;
				CLANG_WARN_QUOTED_INCLUDE_IN_FRAMEWORK_HEADER = YES;
				CLANG_WARN_RANGE_LOOP_ANALYSIS = YES;
				CLANG_WARN_STRICT_PROTOTYPES = YES;
				CLANG_WARN_SUSPICIOUS_MOVE = YES;
				CLANG_WARN_UNGUARDED_AVAILABILITY = YES_AGGRESSIVE;
				CLANG_WARN_UNREACHABLE_CODE = YES;
				CLANG_WARN__DUPLICATE_METHOD_MATCH = YES;
				COPY_PHASE_STRIP = NO;
				DEBUG_INFORMATION_FORMAT = dwarf;
				ENABLE_HARDENED_RUNTIME = YES;
				ENABLE_STRICT_OBJC_MSGSEND = YES;
				ENABLE_TESTABILITY = YES;
				ENABLE_USER_SCRIPT_SANDBOXING = YES;
				GCC_C_LANGUAGE_STANDARD = gnu17;
				GCC_DYNAMIC_NO_PIC = NO;
				GCC_NO_COMMON_BLOCKS = YES;
				GCC_OPTIMIZATION_LEVEL = 0;
				GCC_PREPROCESSOR_DEFINITIONS = (
					"DEBUG=1",
					"$(inherited)",
				);
				GCC_WARN_64_TO_32_BIT_CONVERSION = YES;
				GCC_WARN_ABOUT_RETURN_TYPE = YES_ERROR;
				GCC_WARN_UNDECLARED_SELECTOR = YES;
				GCC_WARN_UNINITIALIZED_AUTOS = YES_AGGRESSIVE;
				GCC_WARN_UNUSED_FUNCTION = YES;
				GCC_WARN_UNUSED_VARIABLE = YES;
				LOCALIZATION_PREFERS_STRING_CATALOGS = YES;
				MACOSX_DEPLOYMENT_TARGET = 15.5;
				MTL_ENABLE_DEBUG_INFO = INCLUDE_SOURCE;
				MTL_FAST_MATH = YES;
				ONLY_ACTIVE_ARCH = YES;
				SDKROOT = macosx;
				SWIFT_ACTIVE_COMPILATION_CONDITIONS = "DEBUG $(inherited)";
				SWIFT_OPTIMIZATION_LEVEL = "-Onone";
			};
			name = Debug;
		};
		835637282EAC704B00F6D2F4 /* Release */ = {
			isa = XCBuildConfiguration;
			buildSettings = {
				ALWAYS_SEARCH_USER_PATHS = NO;
				ASSETCATALOG_COMPILER_GENERATE_SWIFT_ASSET_SYMBOL_EXTENSIONS = YES;
				CLANG_ANALYZER_NONNULL = YES;
				CLANG_ANALYZER_NUMBER_OBJECT_CONVERSION = YES_AGGRESSIVE;
				CLANG_CXX_LANGUAGE_STANDARD = "gnu++20";
				CLANG_ENABLE_MODULES = YES;
				CLANG_ENABLE_OBJC_ARC = YES;
				CLANG_ENABLE_OBJC_WEAK = YES;
				CLANG_WARN_BLOCK_CAPTURE_AUTORELEASING = YES;
				CLANG_WARN_BOOL_CONVERSION = YES;
				CLANG_WARN_COMMA = YES;
				CLANG_WARN_CONSTANT_CONVERSION = YES;
				CLANG_WARN_DEPRECATED_OBJC_IMPLEMENTATIONS = YES;
				CLANG_WARN_DIRECT_OBJC_ISA_USAGE = YES_ERROR;
				CLANG_WARN_DOCUMENTATION_COMMENTS = YES;
				CLANG_WARN_EMPTY_BODY = YES;
				CLANG_WARN_ENUM_CONVERSION = YES;
				CLANG_WARN_INFINITE_RECURSION = YES;
				CLANG_WARN_INT_CONVERSION = YES;
				CLANG_WARN_NON_LITERAL_NULL_CONVERSION = YES;
				CLANG_WARN_OBJC_IMPLICIT_RETAIN_SELF = YES;
				CLANG_WARN_OBJC_LITERAL_CONVERSION = YES;
				CLANG_WARN_OBJC_ROOT_CLASS = YES_ERROR;
				CLANG_WARN_QUOTED_INCLUDE_IN_FRAMEWORK_HEADER = YES;
				CLANG_WARN_RANGE_LOOP_ANALYSIS = YES;
				CLANG_WARN_STRICT_PROTOTYPES = YES;
				CLANG_WARN_SUSPICIOUS_MOVE = YES;
				CLANG_WARN_UNGUARDED_AVAILABILITY = YES_AGGRESSIVE;
				CLANG_WARN_UNREACHABLE_CODE = YES;
				CLANG_WARN__DUPLICATE_METHOD_MATCH = YES;
				COPY_PHASE_STRIP = NO;
				DEBUG_INFORMATION_FORMAT = "dwarf-with-dsym";
				ENABLE_HARDENED_RUNTIME = YES;
				ENABLE_NS_ASSERTIONS = NO;
				ENABLE_STRICT_OBJC_MSGSEND = YES;
				ENABLE_USER_SCRIPT_SANDBOXING = YES;
				GCC_C_LANGUAGE_STANDARD = gnu17;
				GCC_NO_COMMON_BLOCKS = YES;
				GCC_WARN_64_TO_32_BIT_CONVERSION = YES;
				GCC_WARN_ABOUT_RETURN_TYPE = YES_ERROR;
				GCC_WARN_UNDECLARED_SELECTOR = YES;
				GCC_WARN_UNINITIALIZED_AUTOS = YES_AGGRESSIVE;
				GCC_WARN_UNUSED_FUNCTION = YES;
				GCC_WARN_UNUSED_VARIABLE = YES;
				LOCALIZATION_PREFERS_STRING_CATALOGS = YES;
				MACOSX_DEPLOYMENT_TARGET = 15.5;
				MTL_ENABLE_DEBUG_INFO = NO;
				MTL_FAST_MATH = YES;
				SDKROOT = macosx;
				SWIFT_COMPILATION_MODE = wholemodule;
			};
			name = Release;
		};
		8356372A2EAC704B00F6D2F4 /* Debug */ = {
			isa = XCBuildConfiguration;
			buildSettings = {
				ASSETCATALOG_COMPILER_APPICON_NAME = AppIcon;
				ASSETCATALOG_COMPILER_GLOBAL_ACCENT_COLOR_NAME = AccentColor;
				ASSETCATALOG_COMPILER_INCLUDE_ALL_APPICON_ASSETS = NO;
				CODE_SIGN_ENTITLEMENTS = WigiAI/WigiAI.entitlements;
				CODE_SIGN_IDENTITY = "Apple Development";
				CODE_SIGN_STYLE = Automatic;
				COMBINE_HIDPI_IMAGES = YES;
				CURRENT_PROJECT_VERSION = 1;
				DEVELOPMENT_TEAM = 82L4HKJ83Z;
				ENABLE_HARDENED_RUNTIME = YES;
				ENABLE_PREVIEWS = YES;
				GENERATE_INFOPLIST_FILE = NO;
				INFOPLIST_FILE = WigiAI/Info.plist;
				INFOPLIST_KEY_CFBundleDisplayName = WigiAI;
				INFOPLIST_KEY_LSApplicationCategoryType = "public.app-category.education";
				INFOPLIST_KEY_LSUIElement = YES;
				INFOPLIST_KEY_NSHumanReadableCopyright = "";
				INFOPLIST_KEY_NSMicrophoneUsageDescription = "WigiAI needs microphone access for voice conversations with your AI companions.";
				INFOPLIST_KEY_NSSpeechRecognitionUsageDescription = "WigiAI uses speech recognition to enable voice conversations with your AI companions. Hold the microphone button to speak.";
				INFOPLIST_KEY_NSSupportsAutomaticTermination = NO;
				INFOPLIST_KEY_NSSupportsSuddenTermination = NO;
				INFOPLIST_KEY_NSUserNotificationsUsageDescription = "WigiAI needs notification permissions to send you reminders from your AI companions at scheduled times.";
				LD_RUNPATH_SEARCH_PATHS = (
					"$(inherited)",
					"@executable_path/../Frameworks",
				);
				MACOSX_DEPLOYMENT_TARGET = 14.0;
				MARKETING_VERSION = 1.0.14;
				PRODUCT_BUNDLE_IDENTIFIER = me.chrisriddell.WigiAI;
				PRODUCT_NAME = "$(TARGET_NAME)";
				PROVISIONING_PROFILE_SPECIFIER = "";
				REGISTER_APP_GROUPS = YES;
				SWIFT_EMIT_LOC_STRINGS = YES;
				SWIFT_VERSION = 5.0;
				VERSIONING_SYSTEM = "apple-generic";
			};
			name = Debug;
		};
		8356372B2EAC704B00F6D2F4 /* Release */ = {
			isa = XCBuildConfiguration;
			buildSettings = {
				ASSETCATALOG_COMPILER_APPICON_NAME = AppIcon;
				ASSETCATALOG_COMPILER_GLOBAL_ACCENT_COLOR_NAME = AccentColor;
				ASSETCATALOG_COMPILER_INCLUDE_ALL_APPICON_ASSETS = NO;
				CODE_SIGN_ENTITLEMENTS = WigiAI/WigiAI.entitlements;
				CODE_SIGN_IDENTITY = "Apple Development";
				CODE_SIGN_STYLE = Automatic;
				COMBINE_HIDPI_IMAGES = YES;
				CURRENT_PROJECT_VERSION = 1;
				DEVELOPMENT_TEAM = 82L4HKJ83Z;
				ENABLE_HARDENED_RUNTIME = YES;
				ENABLE_PREVIEWS = YES;
				GENERATE_INFOPLIST_FILE = NO;
				INFOPLIST_FILE = WigiAI/Info.plist;
				INFOPLIST_KEY_CFBundleDisplayName = WigiAI;
				INFOPLIST_KEY_LSApplicationCategoryType = "public.app-category.education";
				INFOPLIST_KEY_LSUIElement = YES;
				INFOPLIST_KEY_NSHumanReadableCopyright = "";
				INFOPLIST_KEY_NSMicrophoneUsageDescription = "WigiAI needs microphone access for voice conversations with your AI companions.";
				INFOPLIST_KEY_NSSpeechRecognitionUsageDescription = "WigiAI uses speech recognition to enable voice conversations with your AI companions. Hold the microphone button to speak.";
				INFOPLIST_KEY_NSSupportsAutomaticTermination = NO;
				INFOPLIST_KEY_NSSupportsSuddenTermination = NO;
				INFOPLIST_KEY_NSUserNotificationsUsageDescription = "WigiAI needs notification permissions to send you reminders from your AI companions at scheduled times.";
				LD_RUNPATH_SEARCH_PATHS = (
					"$(inherited)",
					"@executable_path/../Frameworks",
				);
				MACOSX_DEPLOYMENT_TARGET = 14.0;
				MARKETING_VERSION = 1.0.14;
				PRODUCT_BUNDLE_IDENTIFIER = me.chrisriddell.WigiAI;
				PRODUCT_NAME = "$(TARGET_NAME)";
				PROVISIONING_PROFILE_SPECIFIER = "";
				REGISTER_APP_GROUPS = YES;
				SWIFT_EMIT_LOC_STRINGS = YES;
				SWIFT_VERSION = 5.0;
				VERSIONING_SYSTEM = "apple-generic";
			};
			name = Release;
		};
		8356372D2EAC704B00F6D2F4 /* Debug */ = {
			isa = XCBuildConfiguration;
			buildSettings = {
				BUNDLE_LOADER = "$(TEST_HOST)";
				CODE_SIGN_STYLE = Automatic;
				CURRENT_PROJECT_VERSION = 1;
				GENERATE_INFOPLIST_FILE = YES;
				MACOSX_DEPLOYMENT_TARGET = 14.0;
				MARKETING_VERSION = 1.0.14;
				PRODUCT_BUNDLE_IDENTIFIER = me.chrisriddell.WigiAITests;
				PRODUCT_NAME = "$(TARGET_NAME)";
				SWIFT_EMIT_LOC_STRINGS = NO;
				SWIFT_VERSION = 5.0;
				TEST_HOST = "$(BUILT_PRODUCTS_DIR)/WigiAI.app/$(BUNDLE_EXECUTABLE_FOLDER_PATH)/WigiAI";
			};
			name = Debug;
		};
		8356372E2EAC704B00F6D2F4 /* Release */ = {
			isa = XCBuildConfiguration;
			buildSettings = {
				BUNDLE_LOADER = "$(TEST_HOST)";
				CODE_SIGN_STYLE = Automatic;
				CURRENT_PROJECT_VERSION = 1;
				GENERATE_INFOPLIST_FILE = YES;
				MACOSX_DEPLOYMENT_TARGET = 14.0;
				MARKETING_VERSION = 1.0.14;
				PRODUCT_BUNDLE_IDENTIFIER = me.chrisriddell.WigiAITests;
				PRODUCT_NAME = "$(TARGET_NAME)";
				SWIFT_EMIT_LOC_STRINGS = NO;
				SWIFT_VERSION = 5.0;
				TEST_HOST = "$(BUILT_PRODUCTS_DIR)/WigiAI.app/$(BUNDLE_EXECUTABLE_FOLDER_PATH)/WigiAI";
			};
			name = Release;
		};
		835637302EAC704B00F6D2F4 /* Debug */ = {
			isa = XCBuildConfiguration;
			buildSettings = {
				CODE_SIGN_STYLE = Automatic;
				CURRENT_PROJECT_VERSION = 1;
				GENERATE_INFOPLIST_FILE = YES;
				MARKETING_VERSION = 1.0.14;
				PRODUCT_BUNDLE_IDENTIFIER = me.chrisriddell.WigiAIUITests;
				PRODUCT_NAME = "$(TARGET_NAME)";
				SWIFT_EMIT_LOC_STRINGS = NO;
				SWIFT_VERSION = 5.0;
				TEST_TARGET_NAME = WigiAI;
			};
			name = Debug;
		};
		835637312EAC704B00F6D2F4 /* Release */ = {
			isa = XCBuildConfiguration;
			buildSettings = {
				CODE_SIGN_STYLE = Automatic;
				CURRENT_PROJECT_VERSION = 1;
				GENERATE_INFOPLIST_FILE = YES;
				MARKETING_VERSION = 1.0.14;
				PRODUCT_BUNDLE_IDENTIFIER = me.chrisriddell.WigiAIUITests;
				PRODUCT_NAME = "$(TARGET_NAME)";
				SWIFT_EMIT_LOC_STRINGS = NO;
				SWIFT_VERSION = 5.0;
				TEST_TARGET_NAME = WigiAI;
			};
			name = Release;
		};
/* End XCBuildConfiguration section */

/* Begin XCConfigurationList section */
		835637002EAC704A00F6D2F4 /* Build configuration list for PBXProject "WigiAI" */ = {
			isa = XCConfigurationList;
			buildConfigurations = (
				835637272EAC704B00F6D2F4 /* Debug */,
				835637282EAC704B00F6D2F4 /* Release */,
			);
			defaultConfigurationIsVisible = 0;
			defaultConfigurationName = Release;
		};
		835637292EAC704B00F6D2F4 /* Build configuration list for PBXNativeTarget "WigiAI" */ = {
			isa = XCConfigurationList;
			buildConfigurations = (
				8356372A2EAC704B00F6D2F4 /* Debug */,
				8356372B2EAC704B00F6D2F4 /* Release */,
			);
			defaultConfigurationIsVisible = 0;
			defaultConfigurationName = Release;
		};
		8356372C2EAC704B00F6D2F4 /* Build configuration list for PBXNativeTarget "WigiAITests" */ = {
			isa = XCConfigurationList;
			buildConfigurations = (
				8356372D2EAC704B00F6D2F4 /* Debug */,
				8356372E2EAC704B00F6D2F4 /* Release */,
			);
			defaultConfigurationIsVisible = 0;
			defaultConfigurationName = Release;
		};
		8356372F2EAC704B00F6D2F4 /* Build configuration list for PBXNativeTarget "WigiAIUITests" */ = {
			isa = XCConfigurationList;
			buildConfigurations = (
				835637302EAC704B00F6D2F4 /* Debug */,
				835637312EAC704B00F6D2F4 /* Release */,
			);
			defaultConfigurationIsVisible = 0;
			defaultConfigurationName = Release;
		};
/* End XCConfigurationList section */

/* Begin XCRemoteSwiftPackageReference section */
		835637C32EAD87D300F6D2F4 /* XCRemoteSwiftPackageReference "Sparkle" */ = {
			isa = XCRemoteSwiftPackageReference;
			repositoryURL = "https://github.com/sparkle-project/Sparkle";
			requirement = {
				kind = upToNextMajorVersion;
				minimumVersion = 2.8.0;
			};
		};
/* End XCRemoteSwiftPackageReference section */

/* Begin XCSwiftPackageProductDependency section */
		835637C42EAD87E000F6D2F4 /* Sparkle */ = {
			isa = XCSwiftPackageProductDependency;
			package = 835637C32EAD87D300F6D2F4 /* XCRemoteSwiftPackageReference "Sparkle" */;
			productName = Sparkle;
		};
/* End XCSwiftPackageProductDependency section */
	};
	rootObject = 835636FD2EAC704A00F6D2F4 /* Project object */;
}
